{
  "name": "PRUEBA1",
  "lockfileVersion": 2,
  "requires": true,
  "packages": {
    "": {
      "dependencies": {
        "@formkit/auto-animate": "^1.0.0-beta.5"
      }
    },
    "node_modules/@formkit/auto-animate": {
      "version": "1.0.0-beta.5",
      "resolved": "https://registry.npmjs.org/@formkit/auto-animate/-/auto-animate-1.0.0-beta.5.tgz",
      "integrity": "sha512-WoSwyhAZPOe6RB/IgicOtCHtrWwEpfKIZ/H/nxpKfnZL9CB6hhhBGU5bCdMRw7YpAUF2CDlQa+WWh+gCqz5lDg=="
    }
  },
  "dependencies": {
    "@formkit/auto-animate": {
      "version": "1.0.0-beta.5",
      "resolved": "https://registry.npmjs.org/@formkit/auto-animate/-/auto-animate-1.0.0-beta.5.tgz",
      "integrity": "sha512-WoSwyhAZPOe6RB/IgicOtCHtrWwEpfKIZ/H/nxpKfnZL9CB6hhhBGU5bCdMRw7YpAUF2CDlQa+WWh+gCqz5lDg=="
    }
  }
}
